<?xml version="1.0" encoding="utf-8"?>
<Project ToolsVersion="4.0" xmlns="http://schemas.microsoft.com/developer/msbuild/2003">
  <ItemGroup>
    <Filter Include="Source Files">
      <UniqueIdentifier>{4FC737F1-C7A5-4376-A066-2A32D752A2FF}</UniqueIdentifier>
      <Extensions>cpp;c;cc;cxx;def;odl;idl;hpj;bat;asm;asmx</Extensions>
    </Filter>
    <Filter Include="Header Files">
      <UniqueIdentifier>{93995380-89BD-4b04-88EB-625FBE52EBFB}</UniqueIdentifier>
      <Extensions>h;hpp;hxx;hm;inl;inc;xsd</Extensions>
    </Filter>
    <Filter Include="Resource Files">
      <UniqueIdentifier>{67DA6AB6-F800-4c08-8B7A-83BB121AAD01}</UniqueIdentifier>
      <Extensions>rc;ico;cur;bmp;dlg;rc2;rct;bin;rgs;gif;jpg;jpeg;jpe;resx;tiff;tif;png;wav;mfcribbon-ms</Extensions>
    </Filter>
    <Filter Include="Header Files\Wrapper">
      <UniqueIdentifier>{7d1a2790-b867-4314-8e76-f0e21f47a28d}</UniqueIdentifier>
    </Filter>
    <Filter Include="Header Files\Wrapper\Components">
      <UniqueIdentifier>{0acf8362-0634-4a43-a36d-ba56743b8458}</UniqueIdentifier>
    </Filter>
    <Filter Include="Header Files\Wrapper\Enums">
      <UniqueIdentifier>{edcd03c4-33b7-4190-9e8e-fb840fb560fa}</UniqueIdentifier>
    </Filter>
    <Filter Include="Source Files\Wrapper">
      <UniqueIdentifier>{96e58d88-a178-4232-916a-8052e7c442eb}</UniqueIdentifier>
    </Filter>
    <Filter Include="Source Files\Wrapper\Components">
      <UniqueIdentifier>{529602b4-c579-4c79-ae8e-a84bcd7beab3}</UniqueIdentifier>
    </Filter>
  </ItemGroup>
  <ItemGroup>
    <ClInclude Include="Library References.h">
      <Filter>Header Files\Wrapper</Filter>
    </ClInclude>
    <ClInclude Include="LibAV Pixel Format.h">
      <Filter>Header Files\Wrapper\Enums</Filter>
    </ClInclude>
    <ClInclude Include="LibAV Picture.h">
      <Filter>Header Files\Wrapper\Components</Filter>
    </ClInclude>
    <ClInclude Include="Error Helper.h">
      <Filter>Header Files\Wrapper\Components</Filter>
    </ClInclude>
    <ClInclude Include="Media Type.h">
      <Filter>Header Files\Wrapper\Enums</Filter>
    </ClInclude>
    <ClInclude Include="Stream Processing Info.h">
      <Filter>Header Files\Wrapper\Components</Filter>
    </ClInclude>
    <ClInclude Include="Codec Info.h">
      <Filter>Header Files\Wrapper\Components</Filter>
    </ClInclude>
    <ClInclude Include="Container.h">
      <Filter>Header Files\Wrapper\Components</Filter>
    </ClInclude>
    <ClInclude Include="Frame Audio Int16.h">
      <Filter>Header Files\Wrapper\Components</Filter>
    </ClInclude>
    <ClInclude Include="Frame AV.h">
      <Filter>Header Files\Wrapper\Components</Filter>
    </ClInclude>
    <ClInclude Include="Frame BGRA.h">
      <Filter>Header Files\Wrapper\Components</Filter>
    </ClInclude>
    <ClInclude Include="Stream Info.h">
      <Filter>Header Files\Wrapper\Components</Filter>
    </ClInclude>
    <ClInclude Include="Stream Processing Buffer.h">
      <Filter>Header Files\Wrapper\Components</Filter>
    </ClInclude>
    <ClInclude Include="Stream Buffers.h">
      <Filter>Header Files\Wrapper\Components</Filter>
    </ClInclude>
    <ClInclude Include="Audio Sample Format.h">
      <Filter>Header Files\Wrapper\Enums</Filter>
    </ClInclude>
    <ClInclude Include="SW Scale.h">
      <Filter>Header Files\Wrapper\Components</Filter>
    </ClInclude>
    <ClInclude Include="Resize Options.h">
      <Filter>Header Files\Wrapper\Enums</Filter>
    </ClInclude>
    <ClInclude Include="LibAV Picture Detail.h">
      <Filter>Header Files\Wrapper\Components</Filter>
    </ClInclude>
    <ClInclude Include="LibAV Codec ID.h">
      <Filter>Header Files\Wrapper\Enums</Filter>
    </ClInclude>
    <ClInclude Include="Frame Subtitle.h">
      <Filter>Header Files\Wrapper\Components</Filter>
    </ClInclude>
    <ClInclude Include="Frame Subtitle Text.h">
      <Filter>Header Files\Wrapper\Components</Filter>
    </ClInclude>
    <ClInclude Include="LibAV Pixel Format Extender.h">
      <Filter>Header Files\Wrapper\Components</Filter>
    </ClInclude>
    <ClInclude Include="LibAV Audio Format Extender.h">
      <Filter>Header Files\Wrapper\Components</Filter>
    </ClInclude>
    <ClInclude Include="Rational Extender.h">
      <Filter>Header Files\Wrapper\Components</Filter>
    </ClInclude>
    <ClInclude Include="Frame LibAV.h">
      <Filter>Header Files\Wrapper\Components</Filter>
    </ClInclude>
    <ClInclude Include="Frame LibAV Audio.h">
      <Filter>Header Files\Wrapper\Components</Filter>
    </ClInclude>
    <ClInclude Include="Frame LibAV Video.h">
      <Filter>Header Files\Wrapper\Components</Filter>
    </ClInclude>
    <ClInclude Include="LibAV Filter Graph.h">
      <Filter>Header Files\Wrapper\Components</Filter>
    </ClInclude>
    <ClInclude Include="LibAV Filter Graph Buffer.h">
      <Filter>Header Files\Wrapper\Components</Filter>
    </ClInclude>
    <ClInclude Include="LibAV Filter Graph VFlip.h">
      <Filter>Header Files\Wrapper\Components</Filter>
    </ClInclude>
    <ClInclude Include="LibAV Pixel Converter.h">
      <Filter>Header Files\Wrapper\Components</Filter>
    </ClInclude>
  </ItemGroup>
  <ItemGroup>
    <None Include="Generic notes.txt">
      <Filter>Source Files</Filter>
    </None>
    <None Include="AVPicture Notes.txt">
      <Filter>Source Files</Filter>
    </None>
    <None Include="packages.config" />
  </ItemGroup>
  <ItemGroup>
    <ClCompile Include="LibAV Picture.cpp">
      <Filter>Source Files\Wrapper\Components</Filter>
    </ClCompile>
    <ClCompile Include="Codec Info.cpp">
      <Filter>Source Files\Wrapper\Components</Filter>
    </ClCompile>
    <ClCompile Include="Stream Processing Info.cpp">
      <Filter>Source Files\Wrapper\Components</Filter>
    </ClCompile>
    <ClCompile Include="Container.cpp">
      <Filter>Source Files\Wrapper\Components</Filter>
    </ClCompile>
    <ClCompile Include="Frame Audio Int16.cpp">
      <Filter>Source Files\Wrapper\Components</Filter>
    </ClCompile>
    <ClCompile Include="Frame AV.cpp">
      <Filter>Source Files\Wrapper\Components</Filter>
    </ClCompile>
    <ClCompile Include="Stream Buffers.cpp">
      <Filter>Source Files\Wrapper\Components</Filter>
    </ClCompile>
    <ClCompile Include="Stream Info.cpp">
      <Filter>Source Files\Wrapper\Components</Filter>
    </ClCompile>
    <ClCompile Include="Stream Processing Buffer.cpp">
      <Filter>Source Files\Wrapper\Components</Filter>
    </ClCompile>
    <ClCompile Include="SW Scale.cpp">
      <Filter>Source Files\Wrapper\Components</Filter>
    </ClCompile>
    <ClCompile Include="Frame Subtitle.cpp">
      <Filter>Source Files\Wrapper\Components</Filter>
    </ClCompile>
    <ClCompile Include="LibAV Pixel Format Extender.cpp">
      <Filter>Source Files\Wrapper\Components</Filter>
    </ClCompile>
    <ClCompile Include="LibAV Audio Format Extender.cpp">
      <Filter>Source Files\Wrapper\Components</Filter>
    </ClCompile>
    <ClCompile Include="Frame LibAV.cpp">
      <Filter>Source Files\Wrapper\Components</Filter>
    </ClCompile>
    <ClCompile Include="Frame LibAV Audio.cpp">
      <Filter>Source Files\Wrapper\Components</Filter>
    </ClCompile>
    <ClCompile Include="Frame LibAV Video.cpp">
      <Filter>Source Files\Wrapper\Components</Filter>
    </ClCompile>
    <ClCompile Include="LibAV Filter Graph.cpp">
      <Filter>Source Files\Wrapper\Components</Filter>
    </ClCompile>
    <ClCompile Include="LibAV Filter Graph Buffer.cpp">
      <Filter>Source Files\Wrapper\Components</Filter>
    </ClCompile>
    <ClCompile Include="LibAV Pixel Converter.cpp">
      <Filter>Source Files\Wrapper\Components</Filter>
    </ClCompile>
  </ItemGroup>
</Project>